
Microsoft Visual Studio Solution File, Format Version 12.00
# Visual Studio Version 16
VisualStudioVersion = 16.0.29709.97
MinimumVisualStudioVersion = 10.0.40219.1
Project("{FAE04EC0-301F-11D3-BF4B-00C04F79EFBC}") = "ElectricBrazier", "ElectricBrazier.csproj", "{3CC36715-ADAE-4770-B31D-9B5BA71A5E6D}"
EndProject
Global
	GlobalSection(SolutionConfigurationPlatforms) = preSolution
		Debug|Any CPU = Debug|Any CPU
		Release|Any CPU = Release|Any CPU
	EndGlobalSection
	GlobalSection(ProjectConfigurationPlatforms) = postSolution
		{3CC36715-ADAE-4770-B31D-9B5BA71A5E6D}.Debug|Any CPU.ActiveCfg = Debug|Any CPU
		{3CC36715-ADAE-4770-B31D-9B5BA71A5E6D}.Debug|Any CPU.Build.0 = Debug|Any CPU
		{3CC36715-ADAE-4770-B31D-9B5BA71A5E6D}.Release|Any CPU.ActiveCfg = Release|Any CPU
		{3CC36715-ADAE-4770-B31D-9B5BA71A5E6D}.Release|Any CPU.Build.0 = Release|Any CPU
	EndGlobalSection
	GlobalSection(SolutionProperties) = preSolution
		HideSolutionNode = FALSE
	EndGlobalSection
	GlobalSection(ExtensibilityGlobals) = postSolution
		SolutionGuid = {BFEAE09A-3B3A-4B6B-ACB2-B30A41E1B771}
	EndGlobalSection
EndGlobal
